
Microsoft Visual Studio Solution File, Format Version 12.00
# Visual Studio Version 16
VisualStudioVersion = 16.0.31321.278
MinimumVisualStudioVersion = 10.0.40219.1
Project("{FAE04EC0-301F-11D3-BF4B-00C04F79EFBC}") = "TextEditor_Project", "TextEditor_Project\TextEditor_Project.csproj", "{00CBD40B-7B0D-4D93-B2B7-549932BBA784}"
EndProject
Global
	GlobalSection(SolutionConfigurationPlatforms) = preSolution
		Debug|Any CPU = Debug|Any CPU
		Release|Any CPU = Release|Any CPU
	EndGlobalSection
	GlobalSection(ProjectConfigurationPlatforms) = postSolution
		{00CBD40B-7B0D-4D93-B2B7-549932BBA784}.Debug|Any CPU.ActiveCfg = Debug|Any CPU
		{00CBD40B-7B0D-4D93-B2B7-549932BBA784}.Debug|Any CPU.Build.0 = Debug|Any CPU
		{00CBD40B-7B0D-4D93-B2B7-549932BBA784}.Release|Any CPU.ActiveCfg = Release|Any CPU
		{00CBD40B-7B0D-4D93-B2B7-549932BBA784}.Release|Any CPU.Build.0 = Release|Any CPU
	EndGlobalSection
	GlobalSection(SolutionProperties) = preSolution
		HideSolutionNode = FALSE
	EndGlobalSection
	GlobalSection(ExtensibilityGlobals) = postSolution
		SolutionGuid = {5DB23EC0-95E0-489D-A400-F9A8309B1E70}
	EndGlobalSection
EndGlobal
